<?xml version="1.0" encoding="utf-8"?>
<Project ToolsVersion="4.0" xmlns="http://schemas.microsoft.com/developer/msbuild/2003">
  <ItemGroup>
    <ClCompile Include="CreatorTests.cpp">
      <Filter>Classes</Filter>
    </ClCompile>
    <ClCompile Include="StateComparatorTests.cpp">
      <Filter>Classes</Filter>
    </ClCompile>
    <ClCompile Include="EventDispatchersTest.cpp">
      <Filter>Classes</Filter>
    </ClCompile>
    <ClCompile Include="ChoiceTransitionTest.cpp">
      <Filter>Transitions</Filter>
    </ClCompile>
    <ClCompile Include="InitFinishTransitionTest.cpp">
      <Filter>Transitions</Filter>
    </ClCompile>
    <ClCompile Include="SelfTransitionTest.cpp">
      <Filter>Transitions</Filter>
    </ClCompile>
    <ClCompile Include="StatemachineOnOffCallSequenceTest.cpp">
      <Filter>StatemachineOnOff</Filter>
    </ClCompile>
    <ClCompile Include="StatemachineOnOffGuardAndActionTest.cpp">
      <Filter>StatemachineOnOff</Filter>
    </ClCompile>
    <ClCompile Include="StatemachineOnOffEntryCallsExitTest.cpp">
      <Filter>StatemachineOnOff</Filter>
    </ClCompile>
    <ClCompile Include="StatemachineOnOffInitialAndFinalTransitionsTest.cpp">
      <Filter>StatemachineOnOff</Filter>
    </ClCompile>
    <ClCompile Include="StatemachineTriggerTest.cpp">
      <Filter>Classes</Filter>
    </ClCompile>
    <ClCompile Include="SubstatemachineTriggerTest.cpp">
      <Filter>Classes</Filter>
    </ClCompile>
    <ClCompile Include="InitFinishTransitionSubstateTest.cpp">
      <Filter>Transitions</Filter>
    </ClCompile>
    <ClCompile Include="DispatchSameEventTest.cpp">
      <Filter>Transitions</Filter>
    </ClCompile>
    <ClCompile Include="DispatchSameEventSubstateTest.cpp">
      <Filter>Transitions</Filter>
    </ClCompile>
    <ClCompile Include="StatemachineEventTest.cpp">
      <Filter>Classes</Filter>
    </ClCompile>
    <ClCompile Include="SubstatemachineEventTest.cpp">
      <Filter>Classes</Filter>
    </ClCompile>
  </ItemGroup>
  <ItemGroup>
    <ClInclude Include="TestHelpers.h" />
    <ClInclude Include="..\..\src\state.h">
      <Filter>tsmlib</Filter>
    </ClInclude>
    <ClInclude Include="..\..\src\statemachine.h">
      <Filter>tsmlib</Filter>
    </ClInclude>
    <ClInclude Include="..\..\src\lokilight.h">
      <Filter>tsmlib</Filter>
    </ClInclude>
    <ClInclude Include="..\..\src\transition.h">
      <Filter>tsmlib</Filter>
    </ClInclude>
    <ClInclude Include="..\..\src\tsm.h">
      <Filter>tsmlib</Filter>
    </ClInclude>
    <ClInclude Include="..\..\src\choicetransition.h">
      <Filter>tsmlib</Filter>
    </ClInclude>
    <ClInclude Include="..\..\src\finaltransition.h">
      <Filter>tsmlib</Filter>
    </ClInclude>
    <ClInclude Include="..\..\src\initialtransition.h">
      <Filter>tsmlib</Filter>
    </ClInclude>
    <ClInclude Include="..\..\src\eventdispatchers.h">
      <Filter>tsmlib</Filter>
    </ClInclude>
  </ItemGroup>
  <ItemGroup>
    <Filter Include="tsmlib">
      <UniqueIdentifier>{a7938580-3b40-40d6-8f03-72887e1f19a6}</UniqueIdentifier>
    </Filter>
    <Filter Include="Classes">
      <UniqueIdentifier>{63251c57-2fb4-45f7-b0ee-955d2f93ac34}</UniqueIdentifier>
    </Filter>
    <Filter Include="StatemachineOnOff">
      <UniqueIdentifier>{b5e32e8b-e4fd-4ee6-a639-2e8fbeb51fad}</UniqueIdentifier>
    </Filter>
    <Filter Include="Transitions">
      <UniqueIdentifier>{d099550d-fb5b-4535-b2cc-a5e2f50fac28}</UniqueIdentifier>
    </Filter>
  </ItemGroup>
</Project>