<?xml version="1.0" encoding="utf-8"?>
<Project ToolsVersion="4.0" xmlns="http://schemas.microsoft.com/developer/msbuild/2003">
  <ItemGroup>
    <Filter Include="tsmlib">
      <UniqueIdentifier>{3a680b4b-33bc-445b-8a8e-9bbd273a5443}</UniqueIdentifier>
    </Filter>
  </ItemGroup>
  <ItemGroup>
    <ClInclude Include="..\..\..\src\tsm.h">
      <Filter>tsmlib</Filter>
    </ClInclude>
    <ClInclude Include="..\..\..\src\transition.h">
      <Filter>tsmlib</Filter>
    </ClInclude>
    <ClInclude Include="..\..\..\src\state.h">
      <Filter>tsmlib</Filter>
    </ClInclude>
    <ClInclude Include="..\..\..\src\statemachine.h">
      <Filter>tsmlib</Filter>
    </ClInclude>
  </ItemGroup>
  <ItemGroup>
    <ClCompile Include="WashingMachine.cpp" />
  </ItemGroup>
</Project>