
Microsoft Visual Studio Solution File, Format Version 12.00
# Visual Studio Version 17
VisualStudioVersion = 17.4.32804.182
MinimumVisualStudioVersion = 10.0.40219.1
Project("{8BC9CEB8-8B4A-11D0-8D11-00A0C91BC942}") = "UnitTests", "UnitTests\UnitTests.vcxproj", "{8986F597-0FA2-4362-ACD4-32F3649F9BCB}"
EndProject
Project("{8BC9CEB8-8B4A-11D0-8D11-00A0C91BC942}") = "LedOnOff", "Examples\LedOnOff\LedOnOff.vcxproj", "{D2CE092B-ED94-4F15-B402-E59482A7FE14}"
EndProject
Project("{8BC9CEB8-8B4A-11D0-8D11-00A0C91BC942}") = "LedOnOff_GoF", "Examples\LedOnOff_GoF\LedOnOff_GoF.vcxproj", "{6EE1442C-399F-4A6F-913D-633F5FBC476F}"
EndProject
Project("{8BC9CEB8-8B4A-11D0-8D11-00A0C91BC942}") = "WashingMachine", "Examples\WashingMachine\WashingMachine.vcxproj", "{EB54709B-1F22-43F1-9BC3-45D2A7D00427}"
EndProject
Project("{8BC9CEB8-8B4A-11D0-8D11-00A0C91BC942}") = "Playground", "Playground\Playground.vcxproj", "{4ADA61B5-C2CA-4734-9737-47F946DB0DD0}"
EndProject
Global
	GlobalSection(SolutionConfigurationPlatforms) = preSolution
		Debug|x64 = Debug|x64
		Debug|x86 = Debug|x86
		Release|x64 = Release|x64
		Release|x86 = Release|x86
	EndGlobalSection
	GlobalSection(ProjectConfigurationPlatforms) = postSolution
		{8986F597-0FA2-4362-ACD4-32F3649F9BCB}.Debug|x64.ActiveCfg = Debug|x64
		{8986F597-0FA2-4362-ACD4-32F3649F9BCB}.Debug|x64.Build.0 = Debug|x64
		{8986F597-0FA2-4362-ACD4-32F3649F9BCB}.Debug|x86.ActiveCfg = Debug|Win32
		{8986F597-0FA2-4362-ACD4-32F3649F9BCB}.Debug|x86.Build.0 = Debug|Win32
		{8986F597-0FA2-4362-ACD4-32F3649F9BCB}.Release|x64.ActiveCfg = Release|x64
		{8986F597-0FA2-4362-ACD4-32F3649F9BCB}.Release|x64.Build.0 = Release|x64
		{8986F597-0FA2-4362-ACD4-32F3649F9BCB}.Release|x86.ActiveCfg = Release|Win32
		{8986F597-0FA2-4362-ACD4-32F3649F9BCB}.Release|x86.Build.0 = Release|Win32
		{D2CE092B-ED94-4F15-B402-E59482A7FE14}.Debug|x64.ActiveCfg = Debug|x64
		{D2CE092B-ED94-4F15-B402-E59482A7FE14}.Debug|x64.Build.0 = Debug|x64
		{D2CE092B-ED94-4F15-B402-E59482A7FE14}.Debug|x86.ActiveCfg = Debug|Win32
		{D2CE092B-ED94-4F15-B402-E59482A7FE14}.Debug|x86.Build.0 = Debug|Win32
		{D2CE092B-ED94-4F15-B402-E59482A7FE14}.Release|x64.ActiveCfg = Release|x64
		{D2CE092B-ED94-4F15-B402-E59482A7FE14}.Release|x64.Build.0 = Release|x64
		{D2CE092B-ED94-4F15-B402-E59482A7FE14}.Release|x86.ActiveCfg = Release|Win32
		{D2CE092B-ED94-4F15-B402-E59482A7FE14}.Release|x86.Build.0 = Release|Win32
		{6EE1442C-399F-4A6F-913D-633F5FBC476F}.Debug|x64.ActiveCfg = Debug|x64
		{6EE1442C-399F-4A6F-913D-633F5FBC476F}.Debug|x64.Build.0 = Debug|x64
		{6EE1442C-399F-4A6F-913D-633F5FBC476F}.Debug|x86.ActiveCfg = Debug|Win32
		{6EE1442C-399F-4A6F-913D-633F5FBC476F}.Debug|x86.Build.0 = Debug|Win32
		{6EE1442C-399F-4A6F-913D-633F5FBC476F}.Release|x64.ActiveCfg = Release|x64
		{6EE1442C-399F-4A6F-913D-633F5FBC476F}.Release|x64.Build.0 = Release|x64
		{6EE1442C-399F-4A6F-913D-633F5FBC476F}.Release|x86.ActiveCfg = Release|Win32
		{6EE1442C-399F-4A6F-913D-633F5FBC476F}.Release|x86.Build.0 = Release|Win32
		{EB54709B-1F22-43F1-9BC3-45D2A7D00427}.Debug|x64.ActiveCfg = Debug|x64
		{EB54709B-1F22-43F1-9BC3-45D2A7D00427}.Debug|x64.Build.0 = Debug|x64
		{EB54709B-1F22-43F1-9BC3-45D2A7D00427}.Debug|x86.ActiveCfg = Debug|Win32
		{EB54709B-1F22-43F1-9BC3-45D2A7D00427}.Debug|x86.Build.0 = Debug|Win32
		{EB54709B-1F22-43F1-9BC3-45D2A7D00427}.Release|x64.ActiveCfg = Release|x64
		{EB54709B-1F22-43F1-9BC3-45D2A7D00427}.Release|x64.Build.0 = Release|x64
		{EB54709B-1F22-43F1-9BC3-45D2A7D00427}.Release|x86.ActiveCfg = Release|Win32
		{EB54709B-1F22-43F1-9BC3-45D2A7D00427}.Release|x86.Build.0 = Release|Win32
		{4ADA61B5-C2CA-4734-9737-47F946DB0DD0}.Debug|x64.ActiveCfg = Debug|x64
		{4ADA61B5-C2CA-4734-9737-47F946DB0DD0}.Debug|x64.Build.0 = Debug|x64
		{4ADA61B5-C2CA-4734-9737-47F946DB0DD0}.Debug|x86.ActiveCfg = Debug|Win32
		{4ADA61B5-C2CA-4734-9737-47F946DB0DD0}.Debug|x86.Build.0 = Debug|Win32
		{4ADA61B5-C2CA-4734-9737-47F946DB0DD0}.Release|x64.ActiveCfg = Release|x64
		{4ADA61B5-C2CA-4734-9737-47F946DB0DD0}.Release|x64.Build.0 = Release|x64
		{4ADA61B5-C2CA-4734-9737-47F946DB0DD0}.Release|x86.ActiveCfg = Release|Win32
		{4ADA61B5-C2CA-4734-9737-47F946DB0DD0}.Release|x86.Build.0 = Release|Win32
	EndGlobalSection
	GlobalSection(SolutionProperties) = preSolution
		HideSolutionNode = FALSE
	EndGlobalSection
	GlobalSection(ExtensibilityGlobals) = postSolution
		SolutionGuid = {CB015B5D-4CB7-4360-B6F8-12223DCBCF6A}
	EndGlobalSection
EndGlobal
